// !$*UTF8*$!
{
	archiveVersion = 1;
	classes = {
	};
	objectVersion = 46;
	objects = {

/* Begin PBXBuildFile section */
		010904CE1D491A77007DBE14 /* AppDelegate.swift in Sources */ = {isa = PBXBuildFile; fileRef = 010904CD1D491A77007DBE14 /* AppDelegate.swift */; };
		010904D31D491A77007DBE14 /* Main.storyboard in Resources */ = {isa = PBXBuildFile; fileRef = 010904D11D491A77007DBE14 /* Main.storyboard */; };
		010904D51D491A77007DBE14 /* Assets.xcassets in Resources */ = {isa = PBXBuildFile; fileRef = 010904D41D491A77007DBE14 /* Assets.xcassets */; };
		010904D81D491A77007DBE14 /* LaunchScreen.storyboard in Resources */ = {isa = PBXBuildFile; fileRef = 010904D61D491A77007DBE14 /* LaunchScreen.storyboard */; };
		010904EB1D491BB9007DBE14 /* SWRevealViewController.m in Sources */ = {isa = PBXBuildFile; fileRef = 010904EA1D491BB9007DBE14 /* SWRevealViewController.m */; };
		010904F41D491BD0007DBE14 /* TPKeyboardAvoidingCollectionView.m in Sources */ = {isa = PBXBuildFile; fileRef = 010904ED1D491BD0007DBE14 /* TPKeyboardAvoidingCollectionView.m */; };
		010904F51D491BD0007DBE14 /* TPKeyboardAvoidingScrollView.m in Sources */ = {isa = PBXBuildFile; fileRef = 010904EF1D491BD0007DBE14 /* TPKeyboardAvoidingScrollView.m */; };
		010904F61D491BD0007DBE14 /* TPKeyboardAvoidingTableView.m in Sources */ = {isa = PBXBuildFile; fileRef = 010904F11D491BD0007DBE14 /* TPKeyboardAvoidingTableView.m */; };
		010904F71D491BD0007DBE14 /* UIScrollView+TPKeyboardAvoidingAdditions.m in Sources */ = {isa = PBXBuildFile; fileRef = 010904F31D491BD0007DBE14 /* UIScrollView+TPKeyboardAvoidingAdditions.m */; };
		010904F91D491C17007DBE14 /* Helper.swift in Sources */ = {isa = PBXBuildFile; fileRef = 010904F81D491C17007DBE14 /* Helper.swift */; };
/* End PBXBuildFile section */

/* Begin PBXFileReference section */
		010904CA1D491A77007DBE14 /* ParkPort.app */ = {isa = PBXFileReference; explicitFileType = wrapper.application; includeInIndex = 0; path = ParkPort.app; sourceTree = BUILT_PRODUCTS_DIR; };
		010904CD1D491A77007DBE14 /* AppDelegate.swift */ = {isa = PBXFileReference; lastKnownFileType = sourcecode.swift; path = AppDelegate.swift; sourceTree = "<group>"; };
		010904D21D491A77007DBE14 /* Base */ = {isa = PBXFileReference; lastKnownFileType = file.storyboard; name = Base; path = Base.lproj/Main.storyboard; sourceTree = "<group>"; };
		010904D41D491A77007DBE14 /* Assets.xcassets */ = {isa = PBXFileReference; lastKnownFileType = folder.assetcatalog; path = Assets.xcassets; sourceTree = "<group>"; };
		010904D71D491A77007DBE14 /* Base */ = {isa = PBXFileReference; lastKnownFileType = file.storyboard; name = Base; path = Base.lproj/LaunchScreen.storyboard; sourceTree = "<group>"; };
		010904D91D491A77007DBE14 /* Info.plist */ = {isa = PBXFileReference; lastKnownFileType = text.plist.xml; path = Info.plist; sourceTree = "<group>"; };
		010904E81D491BB8007DBE14 /* ParkPort-Bridging-Header.h */ = {isa = PBXFileReference; lastKnownFileType = sourcecode.c.h; path = "ParkPort-Bridging-Header.h"; sourceTree = "<group>"; };
		010904E91D491BB9007DBE14 /* SWRevealViewController.h */ = {isa = PBXFileReference; fileEncoding = 4; lastKnownFileType = sourcecode.c.h; path = SWRevealViewController.h; sourceTree = "<group>"; };
		010904EA1D491BB9007DBE14 /* SWRevealViewController.m */ = {isa = PBXFileReference; fileEncoding = 4; lastKnownFileType = sourcecode.c.objc; path = SWRevealViewController.m; sourceTree = "<group>"; };
		010904EC1D491BD0007DBE14 /* TPKeyboardAvoidingCollectionView.h */ = {isa = PBXFileReference; fileEncoding = 4; lastKnownFileType = sourcecode.c.h; path = TPKeyboardAvoidingCollectionView.h; sourceTree = "<group>"; };
		010904ED1D491BD0007DBE14 /* TPKeyboardAvoidingCollectionView.m */ = {isa = PBXFileReference; fileEncoding = 4; lastKnownFileType = sourcecode.c.objc; path = TPKeyboardAvoidingCollectionView.m; sourceTree = "<group>"; };
		010904EE1D491BD0007DBE14 /* TPKeyboardAvoidingScrollView.h */ = {isa = PBXFileReference; fileEncoding = 4; lastKnownFileType = sourcecode.c.h; path = TPKeyboardAvoidingScrollView.h; sourceTree = "<group>"; };
		010904EF1D491BD0007DBE14 /* TPKeyboardAvoidingScrollView.m */ = {isa = PBXFileReference; fileEncoding = 4; lastKnownFileType = sourcecode.c.objc; path = TPKeyboardAvoidingScrollView.m; sourceTree = "<group>"; };
		010904F01D491BD0007DBE14 /* TPKeyboardAvoidingTableView.h */ = {isa = PBXFileReference; fileEncoding = 4; lastKnownFileType = sourcecode.c.h; path = TPKeyboardAvoidingTableView.h; sourceTree = "<group>"; };
		010904F11D491BD0007DBE14 /* TPKeyboardAvoidingTableView.m */ = {isa = PBXFileReference; fileEncoding = 4; lastKnownFileType = sourcecode.c.objc; path = TPKeyboardAvoidingTableView.m; sourceTree = "<group>"; };
		010904F21D491BD0007DBE14 /* UIScrollView+TPKeyboardAvoidingAdditions.h */ = {isa = PBXFileReference; fileEncoding = 4; lastKnownFileType = sourcecode.c.h; path = "UIScrollView+TPKeyboardAvoidingAdditions.h"; sourceTree = "<group>"; };
		010904F31D491BD0007DBE14 /* UIScrollView+TPKeyboardAvoidingAdditions.m */ = {isa = PBXFileReference; fileEncoding = 4; lastKnownFileType = sourcecode.c.objc; path = "UIScrollView+TPKeyboardAvoidingAdditions.m"; sourceTree = "<group>"; };
		010904F81D491C17007DBE14 /* Helper.swift */ = {isa = PBXFileReference; fileEncoding = 4; lastKnownFileType = sourcecode.swift; path = Helper.swift; sourceTree = "<group>"; };
/* End PBXFileReference section */

/* Begin PBXFrameworksBuildPhase section */
		010904C71D491A77007DBE14 /* Frameworks */ = {
			isa = PBXFrameworksBuildPhase;
			buildActionMask = 2147483647;
			files = (
			);
			runOnlyForDeploymentPostprocessing = 0;
		};
/* End PBXFrameworksBuildPhase section */

/* Begin PBXGroup section */
		010904C11D491A77007DBE14 = {
			isa = PBXGroup;
			children = (
				010904CC1D491A77007DBE14 /* ParkPort */,
				010904CB1D491A77007DBE14 /* Products */,
			);
			sourceTree = "<group>";
		};
		010904CB1D491A77007DBE14 /* Products */ = {
			isa = PBXGroup;
			children = (
				010904CA1D491A77007DBE14 /* ParkPort.app */,
			);
			name = Products;
			sourceTree = "<group>";
		};
		010904CC1D491A77007DBE14 /* ParkPort */ = {
			isa = PBXGroup;
			children = (
				010904CD1D491A77007DBE14 /* AppDelegate.swift */,
				010904DF1D491AC7007DBE14 /* Common */,
				010904E51D491B1C007DBE14 /* Library */,
				010904E41D491AF7007DBE14 /* Support Files */,
				010904E31D491AEB007DBE14 /* Resources */,
				010904E21D491AE4007DBE14 /* Model */,
				010904E01D491AD3007DBE14 /* View */,
				010904E11D491ADA007DBE14 /* ViewController */,
			);
			path = ParkPort;
			sourceTree = "<group>";
		};
		010904DF1D491AC7007DBE14 /* Common */ = {
			isa = PBXGroup;
			children = (
				010904F81D491C17007DBE14 /* Helper.swift */,
			);
			name = Common;
			sourceTree = "<group>";
		};
		010904E01D491AD3007DBE14 /* View */ = {
			isa = PBXGroup;
			children = (
			);
			name = View;
			sourceTree = "<group>";
		};
		010904E11D491ADA007DBE14 /* ViewController */ = {
			isa = PBXGroup;
			children = (
				010904D11D491A77007DBE14 /* Main.storyboard */,
			);
			name = ViewController;
			sourceTree = "<group>";
		};
		010904E21D491AE4007DBE14 /* Model */ = {
			isa = PBXGroup;
			children = (
			);
			name = Model;
			sourceTree = "<group>";
		};
		010904E31D491AEB007DBE14 /* Resources */ = {
			isa = PBXGroup;
			children = (
			);
			name = Resources;
			sourceTree = "<group>";
		};
		010904E41D491AF7007DBE14 /* Support Files */ = {
			isa = PBXGroup;
			children = (
				010904E81D491BB8007DBE14 /* ParkPort-Bridging-Header.h */,
				010904D41D491A77007DBE14 /* Assets.xcassets */,
				010904D61D491A77007DBE14 /* LaunchScreen.storyboard */,
				010904D91D491A77007DBE14 /* Info.plist */,
			);
			name = "Support Files";
			sourceTree = "<group>";
		};
		010904E51D491B1C007DBE14 /* Library */ = {
			isa = PBXGroup;
			children = (
				010904E71D491B86007DBE14 /* ScrollViewKeyboardAvoiding */,
				010904E61D491B6B007DBE14 /* SWRevealViewController */,
			);
			name = Library;
			sourceTree = "<group>";
		};
		010904E61D491B6B007DBE14 /* SWRevealViewController */ = {
			isa = PBXGroup;
			children = (
				010904E91D491BB9007DBE14 /* SWRevealViewController.h */,
				010904EA1D491BB9007DBE14 /* SWRevealViewController.m */,
			);
			name = SWRevealViewController;
			sourceTree = "<group>";
		};
		010904E71D491B86007DBE14 /* ScrollViewKeyboardAvoiding */ = {
			isa = PBXGroup;
			children = (
				010904EC1D491BD0007DBE14 /* TPKeyboardAvoidingCollectionView.h */,
				010904ED1D491BD0007DBE14 /* TPKeyboardAvoidingCollectionView.m */,
				010904EE1D491BD0007DBE14 /* TPKeyboardAvoidingScrollView.h */,
				010904EF1D491BD0007DBE14 /* TPKeyboardAvoidingScrollView.m */,
				010904F01D491BD0007DBE14 /* TPKeyboardAvoidingTableView.h */,
				010904F11D491BD0007DBE14 /* TPKeyboardAvoidingTableView.m */,
				010904F21D491BD0007DBE14 /* UIScrollView+TPKeyboardAvoidingAdditions.h */,
				010904F31D491BD0007DBE14 /* UIScrollView+TPKeyboardAvoidingAdditions.m */,
			);
			name = ScrollViewKeyboardAvoiding;
			sourceTree = "<group>";
		};
/* End PBXGroup section */

/* Begin PBXNativeTarget section */
		010904C91D491A77007DBE14 /* ParkPort */ = {
			isa = PBXNativeTarget;
			buildConfigurationList = 010904DC1D491A77007DBE14 /* Build configuration list for PBXNativeTarget "ParkPort" */;
			buildPhases = (
				010904C61D491A77007DBE14 /* Sources */,
				010904C71D491A77007DBE14 /* Frameworks */,
				010904C81D491A77007DBE14 /* Resources */,
			);
			buildRules = (
			);
			dependencies = (
			);
			name = ParkPort;
			productName = ParkPort;
			productReference = 010904CA1D491A77007DBE14 /* ParkPort.app */;
			productType = "com.apple.product-type.application";
		};
/* End PBXNativeTarget section */

/* Begin PBXProject section */
		010904C21D491A77007DBE14 /* Project object */ = {
			isa = PBXProject;
			attributes = {
				LastSwiftUpdateCheck = 0730;
				LastUpgradeCheck = 0730;
				ORGANIZATIONNAME = CreatuDevelopers;
				TargetAttributes = {
					010904C91D491A77007DBE14 = {
						CreatedOnToolsVersion = 7.3;
					};
				};
			};
			buildConfigurationList = 010904C51D491A77007DBE14 /* Build configuration list for PBXProject "ParkPort" */;
			compatibilityVersion = "Xcode 3.2";
			developmentRegion = English;
			hasScannedForEncodings = 0;
			knownRegions = (
				en,
				Base,
			);
			mainGroup = 010904C11D491A77007DBE14;
			productRefGroup = 010904CB1D491A77007DBE14 /* Products */;
			projectDirPath = "";
			projectRoot = "";
			targets = (
				010904C91D491A77007DBE14 /* ParkPort */,
			);
		};
/* End PBXProject section */

/* Begin PBXResourcesBuildPhase section */
		010904C81D491A77007DBE14 /* Resources */ = {
			isa = PBXResourcesBuildPhase;
			buildActionMask = 2147483647;
			files = (
				010904D81D491A77007DBE14 /* LaunchScreen.storyboard in Resources */,
				010904D51D491A77007DBE14 /* Assets.xcassets in Resources */,
				010904D31D491A77007DBE14 /* Main.storyboard in Resources */,
			);
			runOnlyForDeploymentPostprocessing = 0;
		};
/* End PBXResourcesBuildPhase section */

/* Begin PBXSourcesBuildPhase section */
		010904C61D491A77007DBE14 /* Sources */ = {
			isa = PBXSourcesBuildPhase;
			buildActionMask = 2147483647;
			files = (
				010904CE1D491A77007DBE14 /* AppDelegate.swift in Sources */,
				010904F91D491C17007DBE14 /* Helper.swift in Sources */,
				010904F71D491BD0007DBE14 /* UIScrollView+TPKeyboardAvoidingAdditions.m in Sources */,
				010904F61D491BD0007DBE14 /* TPKeyboardAvoidingTableView.m in Sources */,
				010904F51D491BD0007DBE14 /* TPKeyboardAvoidingScrollView.m in Sources */,
				010904F41D491BD0007DBE14 /* TPKeyboardAvoidingCollectionView.m in Sources */,
				010904EB1D491BB9007DBE14 /* SWRevealViewController.m in Sources */,
			);
			runOnlyForDeploymentPostprocessing = 0;
		};
/* End PBXSourcesBuildPhase section */

/* Begin PBXVariantGroup section */
		010904D11D491A77007DBE14 /* Main.storyboard */ = {
			isa = PBXVariantGroup;
			children = (
				010904D21D491A77007DBE14 /* Base */,
			);
			name = Main.storyboard;
			sourceTree = "<group>";
		};
		010904D61D491A77007DBE14 /* LaunchScreen.storyboard */ = {
			isa = PBXVariantGroup;
			children = (
				010904D71D491A77007DBE14 /* Base */,
			);
			name = LaunchScreen.storyboard;
			sourceTree = "<group>";
		};
/* End PBXVariantGroup section */

/* Begin XCBuildConfiguration section */
		010904DA1D491A77007DBE14 /* Debug */ = {
			isa = XCBuildConfiguration;
			buildSettings = {
				ALWAYS_SEARCH_USER_PATHS = NO;
				CLANG_ANALYZER_NONNULL = YES;
				CLANG_CXX_LANGUAGE_STANDARD = "gnu++0x";
				CLANG_CXX_LIBRARY = "libc++";
				CLANG_ENABLE_MODULES = YES;
				CLANG_ENABLE_OBJC_ARC = YES;
				CLANG_WARN_BOOL_CONVERSION = YES;
				CLANG_WARN_CONSTANT_CONVERSION = YES;
				CLANG_WARN_DIRECT_OBJC_ISA_USAGE = YES_ERROR;
				CLANG_WARN_EMPTY_BODY = YES;
				CLANG_WARN_ENUM_CONVERSION = YES;
				CLANG_WARN_INT_CONVERSION = YES;
				CLANG_WARN_OBJC_ROOT_CLASS = YES_ERROR;
				CLANG_WARN_UNREACHABLE_CODE = YES;
				CLANG_WARN__DUPLICATE_METHOD_MATCH = YES;
				"CODE_SIGN_IDENTITY[sdk=iphoneos*]" = "iPhone Developer";
				COPY_PHASE_STRIP = NO;
				DEBUG_INFORMATION_FORMAT = dwarf;
				ENABLE_STRICT_OBJC_MSGSEND = YES;
				ENABLE_TESTABILITY = YES;
				GCC_C_LANGUAGE_STANDARD = gnu99;
				GCC_DYNAMIC_NO_PIC = NO;
				GCC_NO_COMMON_BLOCKS = YES;
				GCC_OPTIMIZATION_LEVEL = 0;
				GCC_PREPROCESSOR_DEFINITIONS = (
					"DEBUG=1",
					"$(inherited)",
				);
				GCC_WARN_64_TO_32_BIT_CONVERSION = YES;
				GCC_WARN_ABOUT_RETURN_TYPE = YES_ERROR;
				GCC_WARN_UNDECLARED_SELECTOR = YES;
				GCC_WARN_UNINITIALIZED_AUTOS = YES_AGGRESSIVE;
				GCC_WARN_UNUSED_FUNCTION = YES;
				GCC_WARN_UNUSED_VARIABLE = YES;
				IPHONEOS_DEPLOYMENT_TARGET = 9.3;
				MTL_ENABLE_DEBUG_INFO = YES;
				ONLY_ACTIVE_ARCH = YES;
				SDKROOT = iphoneos;
				SWIFT_OPTIMIZATION_LEVEL = "-Onone";
				TARGETED_DEVICE_FAMILY = "1,2";
			};
			name = Debug;
		};
		010904DB1D491A77007DBE14 /* Release */ = {
			isa = XCBuildConfiguration;
			buildSettings = {
				ALWAYS_SEARCH_USER_PATHS = NO;
				CLANG_ANALYZER_NONNULL = YES;
				CLANG_CXX_LANGUAGE_STANDARD = "gnu++0x";
				CLANG_CXX_LIBRARY = "libc++";
				CLANG_ENABLE_MODULES = YES;
				CLANG_ENABLE_OBJC_ARC = YES;
				CLANG_WARN_BOOL_CONVERSION = YES;
				CLANG_WARN_CONSTANT_CONVERSION = YES;
				CLANG_WARN_DIRECT_OBJC_ISA_USAGE = YES_ERROR;
				CLANG_WARN_EMPTY_BODY = YES;
				CLANG_WARN_ENUM_CONVERSION = YES;
				CLANG_WARN_INT_CONVERSION = YES;
				CLANG_WARN_OBJC_ROOT_CLASS = YES_ERROR;
				CLANG_WARN_UNREACHABLE_CODE = YES;
				CLANG_WARN__DUPLICATE_METHOD_MATCH = YES;
				"CODE_SIGN_IDENTITY[sdk=iphoneos*]" = "iPhone Developer";
				COPY_PHASE_STRIP = NO;
				DEBUG_INFORMATION_FORMAT = "dwarf-with-dsym";
				ENABLE_NS_ASSERTIONS = NO;
				ENABLE_STRICT_OBJC_MSGSEND = YES;
				GCC_C_LANGUAGE_STANDARD = gnu99;
				GCC_NO_COMMON_BLOCKS = YES;
				GCC_WARN_64_TO_32_BIT_CONVERSION = YES;
				GCC_WARN_ABOUT_RETURN_TYPE = YES_ERROR;
				GCC_WARN_UNDECLARED_SELECTOR = YES;
				GCC_WARN_UNINITIALIZED_AUTOS = YES_AGGRESSIVE;
				GCC_WARN_UNUSED_FUNCTION = YES;
				GCC_WARN_UNUSED_VARIABLE = YES;
				IPHONEOS_DEPLOYMENT_TARGET = 9.3;
				MTL_ENABLE_DEBUG_INFO = NO;
				SDKROOT = iphoneos;
				TARGETED_DEVICE_FAMILY = "1,2";
				VALIDATE_PRODUCT = YES;
			};
			name = Release;
		};
		010904DD1D491A77007DBE14 /* Debug */ = {
			isa = XCBuildConfiguration;
			buildSettings = {
				ASSETCATALOG_COMPILER_APPICON_NAME = AppIcon;
				CLANG_ENABLE_MODULES = YES;
				INFOPLIST_FILE = ParkPort/Info.plist;
				LD_RUNPATH_SEARCH_PATHS = "$(inherited) @executable_path/Frameworks";
				PRODUCT_BUNDLE_IDENTIFIER = creatudevelopers.ParkPort;
				PRODUCT_NAME = "$(TARGET_NAME)";
				SWIFT_OBJC_BRIDGING_HEADER = "ParkPort/ParkPort-Bridging-Header.h";
				SWIFT_OPTIMIZATION_LEVEL = "-Onone";
			};
			name = Debug;
		};
		010904DE1D491A77007DBE14 /* Release */ = {
			isa = XCBuildConfiguration;
			buildSettings = {
				ASSETCATALOG_COMPILER_APPICON_NAME = AppIcon;
				CLANG_ENABLE_MODULES = YES;
				INFOPLIST_FILE = ParkPort/Info.plist;
				LD_RUNPATH_SEARCH_PATHS = "$(inherited) @executable_path/Frameworks";
				PRODUCT_BUNDLE_IDENTIFIER = creatudevelopers.ParkPort;
				PRODUCT_NAME = "$(TARGET_NAME)";
				SWIFT_OBJC_BRIDGING_HEADER = "ParkPort/ParkPort-Bridging-Header.h";
			};
			name = Release;
		};
/* End XCBuildConfiguration section */

/* Begin XCConfigurationList section */
		010904C51D491A77007DBE14 /* Build configuration list for PBXProject "ParkPort" */ = {
			isa = XCConfigurationList;
			buildConfigurations = (
				010904DA1D491A77007DBE14 /* Debug */,
				010904DB1D491A77007DBE14 /* Release */,
			);
			defaultConfigurationIsVisible = 0;
			defaultConfigurationName = Release;
		};
		010904DC1D491A77007DBE14 /* Build configuration list for PBXNativeTarget "ParkPort" */ = {
			isa = XCConfigurationList;
			buildConfigurations = (
				010904DD1D491A77007DBE14 /* Debug */,
				010904DE1D491A77007DBE14 /* Release */,
			);
			defaultConfigurationIsVisible = 0;
		};
/* End XCConfigurationList section */
	};
	rootObject = 010904C21D491A77007DBE14 /* Project object */;
}
